
Microsoft Visual Studio Solution File, Format Version 12.00
# Visual Studio Version 17
VisualStudioVersion = 17.0.31903.59
MinimumVisualStudioVersion = 10.0.40219.1
Project("{FAE04EC0-301F-11D3-BF4B-00C04F79EFBC}") = "Първи и резервен отбор", "Първи и резервен отбор\Първи и резервен отбор.csproj", "{62850180-8C3B-429E-8D3A-1500470B39E0}"
EndProject
Global
	GlobalSection(SolutionConfigurationPlatforms) = preSolution
		Debug|Any CPU = Debug|Any CPU
		Release|Any CPU = Release|Any CPU
	EndGlobalSection
	GlobalSection(ProjectConfigurationPlatforms) = postSolution
		{62850180-8C3B-429E-8D3A-1500470B39E0}.Debug|Any CPU.ActiveCfg = Debug|Any CPU
		{62850180-8C3B-429E-8D3A-1500470B39E0}.Debug|Any CPU.Build.0 = Debug|Any CPU
		{62850180-8C3B-429E-8D3A-1500470B39E0}.Release|Any CPU.ActiveCfg = Release|Any CPU
		{62850180-8C3B-429E-8D3A-1500470B39E0}.Release|Any CPU.Build.0 = Release|Any CPU
	EndGlobalSection
	GlobalSection(SolutionProperties) = preSolution
		HideSolutionNode = FALSE
	EndGlobalSection
	GlobalSection(ExtensibilityGlobals) = postSolution
		SolutionGuid = {FD8CDB62-4219-4AEC-8340-2981D9C7EBEE}
	EndGlobalSection
EndGlobal
