
Microsoft Visual Studio Solution File, Format Version 12.00
# Visual Studio Version 17
VisualStudioVersion = 17.0.31903.59
MinimumVisualStudioVersion = 10.0.40219.1
Project("{FAE04EC0-301F-11D3-BF4B-00C04F79EFBC}") = "Динамична реализация на спиък", "Динамична реализация на спиък\Динамична реализация на спиък.csproj", "{926EB4DA-3252-4F83-8BFC-8870FF77B9AE}"
EndProject
Global
	GlobalSection(SolutionConfigurationPlatforms) = preSolution
		Debug|Any CPU = Debug|Any CPU
		Release|Any CPU = Release|Any CPU
	EndGlobalSection
	GlobalSection(ProjectConfigurationPlatforms) = postSolution
		{926EB4DA-3252-4F83-8BFC-8870FF77B9AE}.Debug|Any CPU.ActiveCfg = Debug|Any CPU
		{926EB4DA-3252-4F83-8BFC-8870FF77B9AE}.Debug|Any CPU.Build.0 = Debug|Any CPU
		{926EB4DA-3252-4F83-8BFC-8870FF77B9AE}.Release|Any CPU.ActiveCfg = Release|Any CPU
		{926EB4DA-3252-4F83-8BFC-8870FF77B9AE}.Release|Any CPU.Build.0 = Release|Any CPU
	EndGlobalSection
	GlobalSection(SolutionProperties) = preSolution
		HideSolutionNode = FALSE
	EndGlobalSection
	GlobalSection(ExtensibilityGlobals) = postSolution
		SolutionGuid = {63613988-C78F-4B58-AF7A-4758D9173028}
	EndGlobalSection
EndGlobal
