
Microsoft Visual Studio Solution File, Format Version 12.00
# Visual Studio Version 17
VisualStudioVersion = 17.0.31903.59
MinimumVisualStudioVersion = 10.0.40219.1
Project("{FAE04EC0-301F-11D3-BF4B-00C04F79EFBC}") = "Имейл", "Имейл\Имейл.csproj", "{40111F44-7938-4650-8DE1-09EFB450F111}"
EndProject
Project("{FAE04EC0-301F-11D3-BF4B-00C04F79EFBC}") = "Karate strings", "Karate strings\Karate strings.csproj", "{0EB1A8A0-3E45-4267-8551-623021CBC647}"
EndProject
Global
	GlobalSection(SolutionConfigurationPlatforms) = preSolution
		Debug|Any CPU = Debug|Any CPU
		Release|Any CPU = Release|Any CPU
	EndGlobalSection
	GlobalSection(ProjectConfigurationPlatforms) = postSolution
		{40111F44-7938-4650-8DE1-09EFB450F111}.Debug|Any CPU.ActiveCfg = Debug|Any CPU
		{40111F44-7938-4650-8DE1-09EFB450F111}.Debug|Any CPU.Build.0 = Debug|Any CPU
		{40111F44-7938-4650-8DE1-09EFB450F111}.Release|Any CPU.ActiveCfg = Release|Any CPU
		{40111F44-7938-4650-8DE1-09EFB450F111}.Release|Any CPU.Build.0 = Release|Any CPU
		{0EB1A8A0-3E45-4267-8551-623021CBC647}.Debug|Any CPU.ActiveCfg = Debug|Any CPU
		{0EB1A8A0-3E45-4267-8551-623021CBC647}.Debug|Any CPU.Build.0 = Debug|Any CPU
		{0EB1A8A0-3E45-4267-8551-623021CBC647}.Release|Any CPU.ActiveCfg = Release|Any CPU
		{0EB1A8A0-3E45-4267-8551-623021CBC647}.Release|Any CPU.Build.0 = Release|Any CPU
	EndGlobalSection
	GlobalSection(SolutionProperties) = preSolution
		HideSolutionNode = FALSE
	EndGlobalSection
	GlobalSection(ExtensibilityGlobals) = postSolution
		SolutionGuid = {DEE40C21-A51A-4E8C-9947-8B927A5E2063}
	EndGlobalSection
EndGlobal
