
Microsoft Visual Studio Solution File, Format Version 12.00
# Visual Studio Version 17
VisualStudioVersion = 17.1.32328.378
MinimumVisualStudioVersion = 10.0.40219.1
Project("{FAE04EC0-301F-11D3-BF4B-00C04F79EFBC}") = "01. Broker Company", "01. Broker Company\01. Broker Company.csproj", "{378047E1-CBF1-4CFF-8B36-8A53644A5522}"
EndProject
Global
	GlobalSection(SolutionConfigurationPlatforms) = preSolution
		Debug|Any CPU = Debug|Any CPU
		Release|Any CPU = Release|Any CPU
	EndGlobalSection
	GlobalSection(ProjectConfigurationPlatforms) = postSolution
		{378047E1-CBF1-4CFF-8B36-8A53644A5522}.Debug|Any CPU.ActiveCfg = Debug|Any CPU
		{378047E1-CBF1-4CFF-8B36-8A53644A5522}.Debug|Any CPU.Build.0 = Debug|Any CPU
		{378047E1-CBF1-4CFF-8B36-8A53644A5522}.Release|Any CPU.ActiveCfg = Release|Any CPU
		{378047E1-CBF1-4CFF-8B36-8A53644A5522}.Release|Any CPU.Build.0 = Release|Any CPU
	EndGlobalSection
	GlobalSection(SolutionProperties) = preSolution
		HideSolutionNode = FALSE
	EndGlobalSection
	GlobalSection(ExtensibilityGlobals) = postSolution
		SolutionGuid = {81B573C0-837B-489E-B7FC-9FE4AE6E3D1A}
	EndGlobalSection
EndGlobal
