
Microsoft Visual Studio Solution File, Format Version 12.00
# Visual Studio Version 17
VisualStudioVersion = 17.1.32328.378
MinimumVisualStudioVersion = 10.0.40219.1
Project("{FAE04EC0-301F-11D3-BF4B-00C04F79EFBC}") = "Demo Inheritance", "Demo Inheritance\Demo Inheritance.csproj", "{66529FC2-9B9D-44D8-B64B-CD2897F274F9}"
EndProject
Global
	GlobalSection(SolutionConfigurationPlatforms) = preSolution
		Debug|Any CPU = Debug|Any CPU
		Release|Any CPU = Release|Any CPU
	EndGlobalSection
	GlobalSection(ProjectConfigurationPlatforms) = postSolution
		{66529FC2-9B9D-44D8-B64B-CD2897F274F9}.Debug|Any CPU.ActiveCfg = Debug|Any CPU
		{66529FC2-9B9D-44D8-B64B-CD2897F274F9}.Debug|Any CPU.Build.0 = Debug|Any CPU
		{66529FC2-9B9D-44D8-B64B-CD2897F274F9}.Release|Any CPU.ActiveCfg = Release|Any CPU
		{66529FC2-9B9D-44D8-B64B-CD2897F274F9}.Release|Any CPU.Build.0 = Release|Any CPU
	EndGlobalSection
	GlobalSection(SolutionProperties) = preSolution
		HideSolutionNode = FALSE
	EndGlobalSection
	GlobalSection(ExtensibilityGlobals) = postSolution
		SolutionGuid = {ED36D6D9-8F2B-4E0D-A7EC-B022372E4193}
	EndGlobalSection
EndGlobal
