
Microsoft Visual Studio Solution File, Format Version 12.00
# Visual Studio Version 17
VisualStudioVersion = 17.1.32328.378
MinimumVisualStudioVersion = 10.0.40219.1
Project("{FAE04EC0-301F-11D3-BF4B-00C04F79EFBC}") = "зад 1", "зад 1\зад 1.csproj", "{AFC58A29-F108-4EE9-8F8C-56171F691012}"
EndProject
Project("{FAE04EC0-301F-11D3-BF4B-00C04F79EFBC}") = "зад. 2", "зад. 2\зад. 2.csproj", "{7A20E8B2-A151-47EB-B378-548C13B34E62}"
EndProject
Project("{FAE04EC0-301F-11D3-BF4B-00C04F79EFBC}") = "зад 3", "зад 3\зад 3.csproj", "{2D324902-5CB4-4C29-B9D9-D677A88BACD9}"
EndProject
Global
	GlobalSection(SolutionConfigurationPlatforms) = preSolution
		Debug|Any CPU = Debug|Any CPU
		Release|Any CPU = Release|Any CPU
	EndGlobalSection
	GlobalSection(ProjectConfigurationPlatforms) = postSolution
		{AFC58A29-F108-4EE9-8F8C-56171F691012}.Debug|Any CPU.ActiveCfg = Debug|Any CPU
		{AFC58A29-F108-4EE9-8F8C-56171F691012}.Debug|Any CPU.Build.0 = Debug|Any CPU
		{AFC58A29-F108-4EE9-8F8C-56171F691012}.Release|Any CPU.ActiveCfg = Release|Any CPU
		{AFC58A29-F108-4EE9-8F8C-56171F691012}.Release|Any CPU.Build.0 = Release|Any CPU
		{7A20E8B2-A151-47EB-B378-548C13B34E62}.Debug|Any CPU.ActiveCfg = Debug|Any CPU
		{7A20E8B2-A151-47EB-B378-548C13B34E62}.Debug|Any CPU.Build.0 = Debug|Any CPU
		{7A20E8B2-A151-47EB-B378-548C13B34E62}.Release|Any CPU.ActiveCfg = Release|Any CPU
		{7A20E8B2-A151-47EB-B378-548C13B34E62}.Release|Any CPU.Build.0 = Release|Any CPU
		{2D324902-5CB4-4C29-B9D9-D677A88BACD9}.Debug|Any CPU.ActiveCfg = Debug|Any CPU
		{2D324902-5CB4-4C29-B9D9-D677A88BACD9}.Debug|Any CPU.Build.0 = Debug|Any CPU
		{2D324902-5CB4-4C29-B9D9-D677A88BACD9}.Release|Any CPU.ActiveCfg = Release|Any CPU
		{2D324902-5CB4-4C29-B9D9-D677A88BACD9}.Release|Any CPU.Build.0 = Release|Any CPU
	EndGlobalSection
	GlobalSection(SolutionProperties) = preSolution
		HideSolutionNode = FALSE
	EndGlobalSection
	GlobalSection(ExtensibilityGlobals) = postSolution
		SolutionGuid = {7F8AC544-3A7B-47FD-8EF6-9A7AEFDFB760}
	EndGlobalSection
EndGlobal
