
Microsoft Visual Studio Solution File, Format Version 12.00
# Visual Studio Version 17
VisualStudioVersion = 17.1.32328.378
MinimumVisualStudioVersion = 10.0.40219.1
Project("{FAE04EC0-301F-11D3-BF4B-00C04F79EFBC}") = "01. Sum", "01. Sum\01. Sum.csproj", "{648F161E-EBB3-4C64-920C-C651C708F52C}"
EndProject
Project("{FAE04EC0-301F-11D3-BF4B-00C04F79EFBC}") = "02. MergeSort", "02. MergeSort\02. MergeSort.csproj", "{12034C41-F59B-43DC-A9AA-0784E67ADE01}"
EndProject
Global
	GlobalSection(SolutionConfigurationPlatforms) = preSolution
		Debug|Any CPU = Debug|Any CPU
		Release|Any CPU = Release|Any CPU
	EndGlobalSection
	GlobalSection(ProjectConfigurationPlatforms) = postSolution
		{648F161E-EBB3-4C64-920C-C651C708F52C}.Debug|Any CPU.ActiveCfg = Debug|Any CPU
		{648F161E-EBB3-4C64-920C-C651C708F52C}.Debug|Any CPU.Build.0 = Debug|Any CPU
		{648F161E-EBB3-4C64-920C-C651C708F52C}.Release|Any CPU.ActiveCfg = Release|Any CPU
		{648F161E-EBB3-4C64-920C-C651C708F52C}.Release|Any CPU.Build.0 = Release|Any CPU
		{12034C41-F59B-43DC-A9AA-0784E67ADE01}.Debug|Any CPU.ActiveCfg = Debug|Any CPU
		{12034C41-F59B-43DC-A9AA-0784E67ADE01}.Debug|Any CPU.Build.0 = Debug|Any CPU
		{12034C41-F59B-43DC-A9AA-0784E67ADE01}.Release|Any CPU.ActiveCfg = Release|Any CPU
		{12034C41-F59B-43DC-A9AA-0784E67ADE01}.Release|Any CPU.Build.0 = Release|Any CPU
	EndGlobalSection
	GlobalSection(SolutionProperties) = preSolution
		HideSolutionNode = FALSE
	EndGlobalSection
	GlobalSection(ExtensibilityGlobals) = postSolution
		SolutionGuid = {15CE2AC0-89FE-4187-B0E5-E59F69922950}
	EndGlobalSection
EndGlobal
