
Microsoft Visual Studio Solution File, Format Version 12.00
# Visual Studio Version 17
VisualStudioVersion = 17.0.31903.59
MinimumVisualStudioVersion = 10.0.40219.1
Project("{FAE04EC0-301F-11D3-BF4B-00C04F79EFBC}") = "зад.1 Палиндром (със стек)", "зад.1 Палиндром (със стек)\зад.1 Палиндром (със стек).csproj", "{F8DC6531-C6A5-4F1A-9E54-79BA83062296}"
EndProject
Project("{FAE04EC0-301F-11D3-BF4B-00C04F79EFBC}") = "зад. 2", "зад. 2\зад. 2.csproj", "{6515D335-E703-431F-B5AB-877751376026}"
EndProject
Global
	GlobalSection(SolutionConfigurationPlatforms) = preSolution
		Debug|Any CPU = Debug|Any CPU
		Release|Any CPU = Release|Any CPU
	EndGlobalSection
	GlobalSection(ProjectConfigurationPlatforms) = postSolution
		{F8DC6531-C6A5-4F1A-9E54-79BA83062296}.Debug|Any CPU.ActiveCfg = Debug|Any CPU
		{F8DC6531-C6A5-4F1A-9E54-79BA83062296}.Debug|Any CPU.Build.0 = Debug|Any CPU
		{F8DC6531-C6A5-4F1A-9E54-79BA83062296}.Release|Any CPU.ActiveCfg = Release|Any CPU
		{F8DC6531-C6A5-4F1A-9E54-79BA83062296}.Release|Any CPU.Build.0 = Release|Any CPU
		{6515D335-E703-431F-B5AB-877751376026}.Debug|Any CPU.ActiveCfg = Debug|Any CPU
		{6515D335-E703-431F-B5AB-877751376026}.Debug|Any CPU.Build.0 = Debug|Any CPU
		{6515D335-E703-431F-B5AB-877751376026}.Release|Any CPU.ActiveCfg = Release|Any CPU
		{6515D335-E703-431F-B5AB-877751376026}.Release|Any CPU.Build.0 = Release|Any CPU
	EndGlobalSection
	GlobalSection(SolutionProperties) = preSolution
		HideSolutionNode = FALSE
	EndGlobalSection
	GlobalSection(ExtensibilityGlobals) = postSolution
		SolutionGuid = {2CB59BA0-1C0C-49A5-B03F-0A7C16750F14}
	EndGlobalSection
EndGlobal
